
Microsoft Visual Studio Solution File, Format Version 12.00
# Visual Studio 15
VisualStudioVersion = 15.0.28307.421
MinimumVisualStudioVersion = 10.0.40219.1
Project("{9A19103F-16F7-4668-BE54-9A1E7A4F7556}") = "EmployeeManagement", "EmployeeManagement\EmployeeManagement.csproj", "{21711316-6BFE-45BE-8B3C-94EE05D15B1F}"
EndProject
Global
	GlobalSection(SolutionConfigurationPlatforms) = preSolution
		Debug|Any CPU = Debug|Any CPU
		Release|Any CPU = Release|Any CPU
	EndGlobalSection
	GlobalSection(ProjectConfigurationPlatforms) = postSolution
		{21711316-6BFE-45BE-8B3C-94EE05D15B1F}.Debug|Any CPU.ActiveCfg = Debug|Any CPU
		{21711316-6BFE-45BE-8B3C-94EE05D15B1F}.Debug|Any CPU.Build.0 = Debug|Any CPU
		{21711316-6BFE-45BE-8B3C-94EE05D15B1F}.Release|Any CPU.ActiveCfg = Release|Any CPU
		{21711316-6BFE-45BE-8B3C-94EE05D15B1F}.Release|Any CPU.Build.0 = Release|Any CPU
	EndGlobalSection
	GlobalSection(SolutionProperties) = preSolution
		HideSolutionNode = FALSE
	EndGlobalSection
	GlobalSection(ExtensibilityGlobals) = postSolution
		SolutionGuid = {5738C9BB-7632-44FF-901B-2F4252F22B28}
	EndGlobalSection
EndGlobal
